{
  "name": "kapso-workflows",
  "version": "1.0.0",
  "lockfileVersion": 3,
  "requires": true,
  "packages": {
    "": {
      "name": "kapso-workflows",
      "version": "1.0.0",
      "license": "ISC",
      "devDependencies": {
        "@kapso/workflows": "^0.2.0"
      }
    },
    "node_modules/@kapso/workflows": {
      "version": "0.2.0",
      "resolved": "https://registry.npmjs.org/@kapso/workflows/-/workflows-0.2.0.tgz",
      "integrity": "sha512-W2FFyQI4J4wU3SHVfu9uX42BHW9S58TAs0cu5rOYX5Oi49s6rI0c43P2Tgh34yB1xSJwNqQnbK8jMgaDGrvJfg==",
      "dev": true,
      "license": "MIT"
    }
  }
}
